// !$*UTF8*$!
{
	archiveVersion = 1;
	classes = {
	};
	objectVersion = 46;
	objects = {

/* Begin PBXBuildFile section */
		368766991A8F97200026EE69 /* AppDelegate.swift in Sources */ = {isa = PBXBuildFile; fileRef = 368766981A8F97200026EE69 /* AppDelegate.swift */; };
		3687669B1A8F97200026EE69 /* MasterViewController.swift in Sources */ = {isa = PBXBuildFile; fileRef = 3687669A1A8F97200026EE69 /* MasterViewController.swift */; };
		3687669D1A8F97200026EE69 /* DetailViewController.swift in Sources */ = {isa = PBXBuildFile; fileRef = 3687669C1A8F97200026EE69 /* DetailViewController.swift */; };
		368766A01A8F97200026EE69 /* Main.storyboard in Resources */ = {isa = PBXBuildFile; fileRef = 3687669E1A8F97200026EE69 /* Main.storyboard */; };
		368766A21A8F97200026EE69 /* Images.xcassets in Resources */ = {isa = PBXBuildFile; fileRef = 368766A11A8F97200026EE69 /* Images.xcassets */; };
		368766A51A8F97200026EE69 /* LaunchScreen.xib in Resources */ = {isa = PBXBuildFile; fileRef = 368766A31A8F97200026EE69 /* LaunchScreen.xib */; };
		368766B11A8F97200026EE69 /* MyFavBandsTests.swift in Sources */ = {isa = PBXBuildFile; fileRef = 368766B01A8F97200026EE69 /* MyFavBandsTests.swift */; };
		908E1E511DA01FF0000C0924 /* bloodborne.jpg in Resources */ = {isa = PBXBuildFile; fileRef = 908E1E471DA01FF0000C0924 /* bloodborne.jpg */; };
		908E1E521DA01FF0000C0924 /* dark souls.jpg in Resources */ = {isa = PBXBuildFile; fileRef = 908E1E481DA01FF0000C0924 /* dark souls.jpg */; };
		908E1E531DA01FF0000C0924 /* doom.jpg in Resources */ = {isa = PBXBuildFile; fileRef = 908E1E491DA01FF0000C0924 /* doom.jpg */; };
		908E1E541DA01FF0000C0924 /* GTA5.jpg in Resources */ = {isa = PBXBuildFile; fileRef = 908E1E4A1DA01FF0000C0924 /* GTA5.jpg */; };
		908E1E551DA01FF0000C0924 /* halo.jpg in Resources */ = {isa = PBXBuildFile; fileRef = 908E1E4B1DA01FF0000C0924 /* halo.jpg */; };
		908E1E561DA01FF0000C0924 /* hearthstone.jpg in Resources */ = {isa = PBXBuildFile; fileRef = 908E1E4C1DA01FF0000C0924 /* hearthstone.jpg */; };
		908E1E571DA01FF0000C0924 /* lastofus.jpg in Resources */ = {isa = PBXBuildFile; fileRef = 908E1E4D1DA01FF0000C0924 /* lastofus.jpg */; };
		908E1E581DA01FF0000C0924 /* league.jpg in Resources */ = {isa = PBXBuildFile; fileRef = 908E1E4E1DA01FF0000C0924 /* league.jpg */; };
		908E1E591DA01FF0000C0924 /* portal.jpg in Resources */ = {isa = PBXBuildFile; fileRef = 908E1E4F1DA01FF0000C0924 /* portal.jpg */; };
		908E1E5A1DA01FF0000C0924 /* wow.jpg in Resources */ = {isa = PBXBuildFile; fileRef = 908E1E501DA01FF0000C0924 /* wow.jpg */; };
/* End PBXBuildFile section */

/* Begin PBXContainerItemProxy section */
		368766AB1A8F97200026EE69 /* PBXContainerItemProxy */ = {
			isa = PBXContainerItemProxy;
			containerPortal = 3687668B1A8F97200026EE69 /* Project object */;
			proxyType = 1;
			remoteGlobalIDString = 368766921A8F97200026EE69;
			remoteInfo = MyFavBands;
		};
/* End PBXContainerItemProxy section */

/* Begin PBXFileReference section */
		368766931A8F97200026EE69 /* MyFavBands.app */ = {isa = PBXFileReference; explicitFileType = wrapper.application; includeInIndex = 0; path = MyFavBands.app; sourceTree = BUILT_PRODUCTS_DIR; };
		368766971A8F97200026EE69 /* Info.plist */ = {isa = PBXFileReference; lastKnownFileType = text.plist.xml; path = Info.plist; sourceTree = "<group>"; };
		368766981A8F97200026EE69 /* AppDelegate.swift */ = {isa = PBXFileReference; lastKnownFileType = sourcecode.swift; path = AppDelegate.swift; sourceTree = "<group>"; };
		3687669A1A8F97200026EE69 /* MasterViewController.swift */ = {isa = PBXFileReference; lastKnownFileType = sourcecode.swift; path = MasterViewController.swift; sourceTree = "<group>"; };
		3687669C1A8F97200026EE69 /* DetailViewController.swift */ = {isa = PBXFileReference; lastKnownFileType = sourcecode.swift; path = DetailViewController.swift; sourceTree = "<group>"; };
		3687669F1A8F97200026EE69 /* Base */ = {isa = PBXFileReference; lastKnownFileType = file.storyboard; name = Base; path = Base.lproj/Main.storyboard; sourceTree = "<group>"; };
		368766A11A8F97200026EE69 /* Images.xcassets */ = {isa = PBXFileReference; lastKnownFileType = folder.assetcatalog; path = Images.xcassets; sourceTree = "<group>"; };
		368766A41A8F97200026EE69 /* Base */ = {isa = PBXFileReference; lastKnownFileType = file.xib; name = Base; path = Base.lproj/LaunchScreen.xib; sourceTree = "<group>"; };
		368766AA1A8F97200026EE69 /* MyFavBandsTests.xctest */ = {isa = PBXFileReference; explicitFileType = wrapper.cfbundle; includeInIndex = 0; path = MyFavBandsTests.xctest; sourceTree = BUILT_PRODUCTS_DIR; };
		368766AF1A8F97200026EE69 /* Info.plist */ = {isa = PBXFileReference; lastKnownFileType = text.plist.xml; path = Info.plist; sourceTree = "<group>"; };
		368766B01A8F97200026EE69 /* MyFavBandsTests.swift */ = {isa = PBXFileReference; lastKnownFileType = sourcecode.swift; path = MyFavBandsTests.swift; sourceTree = "<group>"; };
		908E1E471DA01FF0000C0924 /* bloodborne.jpg */ = {isa = PBXFileReference; lastKnownFileType = image.jpeg; name = bloodborne.jpg; path = ../../bloodborne.jpg; sourceTree = "<group>"; };
		908E1E481DA01FF0000C0924 /* dark souls.jpg */ = {isa = PBXFileReference; lastKnownFileType = image.jpeg; name = "dark souls.jpg"; path = "../../dark souls.jpg"; sourceTree = "<group>"; };
		908E1E491DA01FF0000C0924 /* doom.jpg */ = {isa = PBXFileReference; lastKnownFileType = image.jpeg; name = doom.jpg; path = ../../doom.jpg; sourceTree = "<group>"; };
		908E1E4A1DA01FF0000C0924 /* GTA5.jpg */ = {isa = PBXFileReference; lastKnownFileType = image.jpeg; name = GTA5.jpg; path = ../../GTA5.jpg; sourceTree = "<group>"; };
		908E1E4B1DA01FF0000C0924 /* halo.jpg */ = {isa = PBXFileReference; lastKnownFileType = image.jpeg; name = halo.jpg; path = ../../halo.jpg; sourceTree = "<group>"; };
		908E1E4C1DA01FF0000C0924 /* hearthstone.jpg */ = {isa = PBXFileReference; lastKnownFileType = image.jpeg; name = hearthstone.jpg; path = ../../hearthstone.jpg; sourceTree = "<group>"; };
		908E1E4D1DA01FF0000C0924 /* lastofus.jpg */ = {isa = PBXFileReference; lastKnownFileType = image.jpeg; name = lastofus.jpg; path = ../../lastofus.jpg; sourceTree = "<group>"; };
		908E1E4E1DA01FF0000C0924 /* league.jpg */ = {isa = PBXFileReference; lastKnownFileType = image.jpeg; name = league.jpg; path = ../../league.jpg; sourceTree = "<group>"; };
		908E1E4F1DA01FF0000C0924 /* portal.jpg */ = {isa = PBXFileReference; lastKnownFileType = image.jpeg; name = portal.jpg; path = ../../portal.jpg; sourceTree = "<group>"; };
		908E1E501DA01FF0000C0924 /* wow.jpg */ = {isa = PBXFileReference; lastKnownFileType = image.jpeg; name = wow.jpg; path = ../../wow.jpg; sourceTree = "<group>"; };
/* End PBXFileReference section */

/* Begin PBXFrameworksBuildPhase section */
		368766901A8F97200026EE69 /* Frameworks */ = {
			isa = PBXFrameworksBuildPhase;
			buildActionMask = 2147483647;
			files = (
			);
			runOnlyForDeploymentPostprocessing = 0;
		};
		368766A71A8F97200026EE69 /* Frameworks */ = {
			isa = PBXFrameworksBuildPhase;
			buildActionMask = 2147483647;
			files = (
			);
			runOnlyForDeploymentPostprocessing = 0;
		};
/* End PBXFrameworksBuildPhase section */

/* Begin PBXGroup section */
		3687668A1A8F97200026EE69 = {
			isa = PBXGroup;
			children = (
				36BC61C91A90A733001F908B /* icons */,
				368766BA1A8FA7C50026EE69 /* images */,
				368766951A8F97200026EE69 /* MyFavBands */,
				368766AD1A8F97200026EE69 /* MyFavBandsTests */,
				368766941A8F97200026EE69 /* Products */,
			);
			sourceTree = "<group>";
		};
		368766941A8F97200026EE69 /* Products */ = {
			isa = PBXGroup;
			children = (
				368766931A8F97200026EE69 /* MyFavBands.app */,
				368766AA1A8F97200026EE69 /* MyFavBandsTests.xctest */,
			);
			name = Products;
			sourceTree = "<group>";
		};
		368766951A8F97200026EE69 /* MyFavBands */ = {
			isa = PBXGroup;
			children = (
				368766981A8F97200026EE69 /* AppDelegate.swift */,
				3687669A1A8F97200026EE69 /* MasterViewController.swift */,
				3687669C1A8F97200026EE69 /* DetailViewController.swift */,
				3687669E1A8F97200026EE69 /* Main.storyboard */,
				368766A11A8F97200026EE69 /* Images.xcassets */,
				368766A31A8F97200026EE69 /* LaunchScreen.xib */,
				368766961A8F97200026EE69 /* Supporting Files */,
			);
			path = MyFavBands;
			sourceTree = "<group>";
		};
		368766961A8F97200026EE69 /* Supporting Files */ = {
			isa = PBXGroup;
			children = (
				368766971A8F97200026EE69 /* Info.plist */,
			);
			name = "Supporting Files";
			sourceTree = "<group>";
		};
		368766AD1A8F97200026EE69 /* MyFavBandsTests */ = {
			isa = PBXGroup;
			children = (
				368766B01A8F97200026EE69 /* MyFavBandsTests.swift */,
				368766AE1A8F97200026EE69 /* Supporting Files */,
			);
			path = MyFavBandsTests;
			sourceTree = "<group>";
		};
		368766AE1A8F97200026EE69 /* Supporting Files */ = {
			isa = PBXGroup;
			children = (
				368766AF1A8F97200026EE69 /* Info.plist */,
			);
			name = "Supporting Files";
			sourceTree = "<group>";
		};
		368766BA1A8FA7C50026EE69 /* images */ = {
			isa = PBXGroup;
			children = (
				908E1E471DA01FF0000C0924 /* bloodborne.jpg */,
				908E1E481DA01FF0000C0924 /* dark souls.jpg */,
				908E1E491DA01FF0000C0924 /* doom.jpg */,
				908E1E4A1DA01FF0000C0924 /* GTA5.jpg */,
				908E1E4B1DA01FF0000C0924 /* halo.jpg */,
				908E1E4C1DA01FF0000C0924 /* hearthstone.jpg */,
				908E1E4D1DA01FF0000C0924 /* lastofus.jpg */,
				908E1E4E1DA01FF0000C0924 /* league.jpg */,
				908E1E4F1DA01FF0000C0924 /* portal.jpg */,
				908E1E501DA01FF0000C0924 /* wow.jpg */,
			);
			name = images;
			sourceTree = "<group>";
		};
		36BC61C91A90A733001F908B /* icons */ = {
			isa = PBXGroup;
			children = (
			);
			name = icons;
			sourceTree = "<group>";
		};
/* End PBXGroup section */

/* Begin PBXNativeTarget section */
		368766921A8F97200026EE69 /* MyFavBands */ = {
			isa = PBXNativeTarget;
			buildConfigurationList = 368766B41A8F97200026EE69 /* Build configuration list for PBXNativeTarget "MyFavBands" */;
			buildPhases = (
				3687668F1A8F97200026EE69 /* Sources */,
				368766901A8F97200026EE69 /* Frameworks */,
				368766911A8F97200026EE69 /* Resources */,
			);
			buildRules = (
			);
			dependencies = (
			);
			name = MyFavBands;
			productName = MyFavBands;
			productReference = 368766931A8F97200026EE69 /* MyFavBands.app */;
			productType = "com.apple.product-type.application";
		};
		368766A91A8F97200026EE69 /* MyFavBandsTests */ = {
			isa = PBXNativeTarget;
			buildConfigurationList = 368766B71A8F97200026EE69 /* Build configuration list for PBXNativeTarget "MyFavBandsTests" */;
			buildPhases = (
				368766A61A8F97200026EE69 /* Sources */,
				368766A71A8F97200026EE69 /* Frameworks */,
				368766A81A8F97200026EE69 /* Resources */,
			);
			buildRules = (
			);
			dependencies = (
				368766AC1A8F97200026EE69 /* PBXTargetDependency */,
			);
			name = MyFavBandsTests;
			productName = MyFavBandsTests;
			productReference = 368766AA1A8F97200026EE69 /* MyFavBandsTests.xctest */;
			productType = "com.apple.product-type.bundle.unit-test";
		};
/* End PBXNativeTarget section */

/* Begin PBXProject section */
		3687668B1A8F97200026EE69 /* Project object */ = {
			isa = PBXProject;
			attributes = {
				LastSwiftMigration = 0700;
				LastSwiftUpdateCheck = 0700;
				LastUpgradeCheck = 0700;
				ORGANIZATIONNAME = "Rock Valley College";
				TargetAttributes = {
					368766921A8F97200026EE69 = {
						CreatedOnToolsVersion = 6.1;
						DevelopmentTeam = LAK6SGQ7Q5;
					};
					368766A91A8F97200026EE69 = {
						CreatedOnToolsVersion = 6.1;
						TestTargetID = 368766921A8F97200026EE69;
					};
				};
			};
			buildConfigurationList = 3687668E1A8F97200026EE69 /* Build configuration list for PBXProject "MyFavBands" */;
			compatibilityVersion = "Xcode 3.2";
			developmentRegion = English;
			hasScannedForEncodings = 0;
			knownRegions = (
				en,
				Base,
			);
			mainGroup = 3687668A1A8F97200026EE69;
			productRefGroup = 368766941A8F97200026EE69 /* Products */;
			projectDirPath = "";
			projectRoot = "";
			targets = (
				368766921A8F97200026EE69 /* MyFavBands */,
				368766A91A8F97200026EE69 /* MyFavBandsTests */,
			);
		};
/* End PBXProject section */

/* Begin PBXResourcesBuildPhase section */
		368766911A8F97200026EE69 /* Resources */ = {
			isa = PBXResourcesBuildPhase;
			buildActionMask = 2147483647;
			files = (
				908E1E521DA01FF0000C0924 /* dark souls.jpg in Resources */,
				908E1E551DA01FF0000C0924 /* halo.jpg in Resources */,
				368766A01A8F97200026EE69 /* Main.storyboard in Resources */,
				908E1E561DA01FF0000C0924 /* hearthstone.jpg in Resources */,
				908E1E541DA01FF0000C0924 /* GTA5.jpg in Resources */,
				368766A51A8F97200026EE69 /* LaunchScreen.xib in Resources */,
				908E1E511DA01FF0000C0924 /* bloodborne.jpg in Resources */,
				368766A21A8F97200026EE69 /* Images.xcassets in Resources */,
				908E1E571DA01FF0000C0924 /* lastofus.jpg in Resources */,
				908E1E591DA01FF0000C0924 /* portal.jpg in Resources */,
				908E1E5A1DA01FF0000C0924 /* wow.jpg in Resources */,
				908E1E581DA01FF0000C0924 /* league.jpg in Resources */,
				908E1E531DA01FF0000C0924 /* doom.jpg in Resources */,
			);
			runOnlyForDeploymentPostprocessing = 0;
		};
		368766A81A8F97200026EE69 /* Resources */ = {
			isa = PBXResourcesBuildPhase;
			buildActionMask = 2147483647;
			files = (
			);
			runOnlyForDeploymentPostprocessing = 0;
		};
/* End PBXResourcesBuildPhase section */

/* Begin PBXSourcesBuildPhase section */
		3687668F1A8F97200026EE69 /* Sources */ = {
			isa = PBXSourcesBuildPhase;
			buildActionMask = 2147483647;
			files = (
				3687669D1A8F97200026EE69 /* DetailViewController.swift in Sources */,
				3687669B1A8F97200026EE69 /* MasterViewController.swift in Sources */,
				368766991A8F97200026EE69 /* AppDelegate.swift in Sources */,
			);
			runOnlyForDeploymentPostprocessing = 0;
		};
		368766A61A8F97200026EE69 /* Sources */ = {
			isa = PBXSourcesBuildPhase;
			buildActionMask = 2147483647;
			files = (
				368766B11A8F97200026EE69 /* MyFavBandsTests.swift in Sources */,
			);
			runOnlyForDeploymentPostprocessing = 0;
		};
/* End PBXSourcesBuildPhase section */

/* Begin PBXTargetDependency section */
		368766AC1A8F97200026EE69 /* PBXTargetDependency */ = {
			isa = PBXTargetDependency;
			target = 368766921A8F97200026EE69 /* MyFavBands */;
			targetProxy = 368766AB1A8F97200026EE69 /* PBXContainerItemProxy */;
		};
/* End PBXTargetDependency section */

/* Begin PBXVariantGroup section */
		3687669E1A8F97200026EE69 /* Main.storyboard */ = {
			isa = PBXVariantGroup;
			children = (
				3687669F1A8F97200026EE69 /* Base */,
			);
			name = Main.storyboard;
			sourceTree = "<group>";
		};
		368766A31A8F97200026EE69 /* LaunchScreen.xib */ = {
			isa = PBXVariantGroup;
			children = (
				368766A41A8F97200026EE69 /* Base */,
			);
			name = LaunchScreen.xib;
			sourceTree = "<group>";
		};
/* End PBXVariantGroup section */

/* Begin XCBuildConfiguration section */
		368766B21A8F97200026EE69 /* Debug */ = {
			isa = XCBuildConfiguration;
			buildSettings = {
				ALWAYS_SEARCH_USER_PATHS = NO;
				CLANG_CXX_LANGUAGE_STANDARD = "gnu++0x";
				CLANG_CXX_LIBRARY = "libc++";
				CLANG_ENABLE_MODULES = YES;
				CLANG_ENABLE_OBJC_ARC = YES;
				CLANG_WARN_BOOL_CONVERSION = YES;
				CLANG_WARN_CONSTANT_CONVERSION = YES;
				CLANG_WARN_DIRECT_OBJC_ISA_USAGE = YES_ERROR;
				CLANG_WARN_EMPTY_BODY = YES;
				CLANG_WARN_ENUM_CONVERSION = YES;
				CLANG_WARN_INT_CONVERSION = YES;
				CLANG_WARN_OBJC_ROOT_CLASS = YES_ERROR;
				CLANG_WARN_UNREACHABLE_CODE = YES;
				CLANG_WARN__DUPLICATE_METHOD_MATCH = YES;
				CODE_SIGN_IDENTITY = "iPhone Developer";
				"CODE_SIGN_IDENTITY[sdk=iphoneos*]" = "iPhone Developer";
				COPY_PHASE_STRIP = NO;
				ENABLE_STRICT_OBJC_MSGSEND = YES;
				ENABLE_TESTABILITY = YES;
				GCC_C_LANGUAGE_STANDARD = gnu99;
				GCC_DYNAMIC_NO_PIC = NO;
				GCC_OPTIMIZATION_LEVEL = 0;
				GCC_PREPROCESSOR_DEFINITIONS = (
					"DEBUG=1",
					"$(inherited)",
				);
				GCC_SYMBOLS_PRIVATE_EXTERN = NO;
				GCC_WARN_64_TO_32_BIT_CONVERSION = YES;
				GCC_WARN_ABOUT_RETURN_TYPE = YES_ERROR;
				GCC_WARN_UNDECLARED_SELECTOR = YES;
				GCC_WARN_UNINITIALIZED_AUTOS = YES_AGGRESSIVE;
				GCC_WARN_UNUSED_FUNCTION = YES;
				GCC_WARN_UNUSED_VARIABLE = YES;
				IPHONEOS_DEPLOYMENT_TARGET = 8.1;
				MTL_ENABLE_DEBUG_INFO = YES;
				ONLY_ACTIVE_ARCH = YES;
				SDKROOT = iphoneos;
				SWIFT_OPTIMIZATION_LEVEL = "-Onone";
				TARGETED_DEVICE_FAMILY = 2;
			};
			name = Debug;
		};
		368766B31A8F97200026EE69 /* Release */ = {
			isa = XCBuildConfiguration;
			buildSettings = {
				ALWAYS_SEARCH_USER_PATHS = NO;
				CLANG_CXX_LANGUAGE_STANDARD = "gnu++0x";
				CLANG_CXX_LIBRARY = "libc++";
				CLANG_ENABLE_MODULES = YES;
				CLANG_ENABLE_OBJC_ARC = YES;
				CLANG_WARN_BOOL_CONVERSION = YES;
				CLANG_WARN_CONSTANT_CONVERSION = YES;
				CLANG_WARN_DIRECT_OBJC_ISA_USAGE = YES_ERROR;
				CLANG_WARN_EMPTY_BODY = YES;
				CLANG_WARN_ENUM_CONVERSION = YES;
				CLANG_WARN_INT_CONVERSION = YES;
				CLANG_WARN_OBJC_ROOT_CLASS = YES_ERROR;
				CLANG_WARN_UNREACHABLE_CODE = YES;
				CLANG_WARN__DUPLICATE_METHOD_MATCH = YES;
				CODE_SIGN_IDENTITY = "iPhone Developer";
				"CODE_SIGN_IDENTITY[sdk=iphoneos*]" = "iPhone Developer";
				COPY_PHASE_STRIP = YES;
				ENABLE_NS_ASSERTIONS = NO;
				ENABLE_STRICT_OBJC_MSGSEND = YES;
				GCC_C_LANGUAGE_STANDARD = gnu99;
				GCC_WARN_64_TO_32_BIT_CONVERSION = YES;
				GCC_WARN_ABOUT_RETURN_TYPE = YES_ERROR;
				GCC_WARN_UNDECLARED_SELECTOR = YES;
				GCC_WARN_UNINITIALIZED_AUTOS = YES_AGGRESSIVE;
				GCC_WARN_UNUSED_FUNCTION = YES;
				GCC_WARN_UNUSED_VARIABLE = YES;
				IPHONEOS_DEPLOYMENT_TARGET = 8.1;
				MTL_ENABLE_DEBUG_INFO = NO;
				SDKROOT = iphoneos;
				TARGETED_DEVICE_FAMILY = 2;
				VALIDATE_PRODUCT = YES;
			};
			name = Release;
		};
		368766B51A8F97200026EE69 /* Debug */ = {
			isa = XCBuildConfiguration;
			buildSettings = {
				ASSETCATALOG_COMPILER_APPICON_NAME = AppIcon;
				CODE_SIGN_IDENTITY = "iPhone Developer";
				"CODE_SIGN_IDENTITY[sdk=iphoneos*]" = "iPhone Developer";
				INFOPLIST_FILE = MyFavBands/Info.plist;
				IPHONEOS_DEPLOYMENT_TARGET = 8.1;
				LD_RUNPATH_SEARCH_PATHS = "$(inherited) @executable_path/Frameworks";
				PRODUCT_BUNDLE_IDENTIFIER = "edu.rockvalleycollege.$(PRODUCT_NAME:rfc1034identifier)";
				PRODUCT_NAME = "$(TARGET_NAME)";
				PROVISIONING_PROFILE = "";
			};
			name = Debug;
		};
		368766B61A8F97200026EE69 /* Release */ = {
			isa = XCBuildConfiguration;
			buildSettings = {
				ASSETCATALOG_COMPILER_APPICON_NAME = AppIcon;
				CODE_SIGN_IDENTITY = "iPhone Developer";
				"CODE_SIGN_IDENTITY[sdk=*]" = "iPhone Developer";
				"CODE_SIGN_IDENTITY[sdk=iphoneos*]" = "iPhone Developer";
				INFOPLIST_FILE = MyFavBands/Info.plist;
				IPHONEOS_DEPLOYMENT_TARGET = 8.1;
				LD_RUNPATH_SEARCH_PATHS = "$(inherited) @executable_path/Frameworks";
				PRODUCT_BUNDLE_IDENTIFIER = "edu.rockvalleycollege.$(PRODUCT_NAME:rfc1034identifier)";
				PRODUCT_NAME = "$(TARGET_NAME)";
				PROVISIONING_PROFILE = "";
			};
			name = Release;
		};
		368766B81A8F97200026EE69 /* Debug */ = {
			isa = XCBuildConfiguration;
			buildSettings = {
				BUNDLE_LOADER = "$(TEST_HOST)";
				FRAMEWORK_SEARCH_PATHS = (
					"$(SDKROOT)/Developer/Library/Frameworks",
					"$(inherited)",
				);
				GCC_PREPROCESSOR_DEFINITIONS = (
					"DEBUG=1",
					"$(inherited)",
				);
				INFOPLIST_FILE = MyFavBandsTests/Info.plist;
				LD_RUNPATH_SEARCH_PATHS = "$(inherited) @executable_path/Frameworks @loader_path/Frameworks";
				PRODUCT_BUNDLE_IDENTIFIER = "edu.rockvalleycollege.$(PRODUCT_NAME:rfc1034identifier)";
				PRODUCT_NAME = "$(TARGET_NAME)";
				TEST_HOST = "$(BUILT_PRODUCTS_DIR)/MyFavBands.app/MyFavBands";
			};
			name = Debug;
		};
		368766B91A8F97200026EE69 /* Release */ = {
			isa = XCBuildConfiguration;
			buildSettings = {
				BUNDLE_LOADER = "$(TEST_HOST)";
				FRAMEWORK_SEARCH_PATHS = (
					"$(SDKROOT)/Developer/Library/Frameworks",
					"$(inherited)",
				);
				INFOPLIST_FILE = MyFavBandsTests/Info.plist;
				LD_RUNPATH_SEARCH_PATHS = "$(inherited) @executable_path/Frameworks @loader_path/Frameworks";
				PRODUCT_BUNDLE_IDENTIFIER = "edu.rockvalleycollege.$(PRODUCT_NAME:rfc1034identifier)";
				PRODUCT_NAME = "$(TARGET_NAME)";
				TEST_HOST = "$(BUILT_PRODUCTS_DIR)/MyFavBands.app/MyFavBands";
			};
			name = Release;
		};
/* End XCBuildConfiguration section */

/* Begin XCConfigurationList section */
		3687668E1A8F97200026EE69 /* Build configuration list for PBXProject "MyFavBands" */ = {
			isa = XCConfigurationList;
			buildConfigurations = (
				368766B21A8F97200026EE69 /* Debug */,
				368766B31A8F97200026EE69 /* Release */,
			);
			defaultConfigurationIsVisible = 0;
			defaultConfigurationName = Release;
		};
		368766B41A8F97200026EE69 /* Build configuration list for PBXNativeTarget "MyFavBands" */ = {
			isa = XCConfigurationList;
			buildConfigurations = (
				368766B51A8F97200026EE69 /* Debug */,
				368766B61A8F97200026EE69 /* Release */,
			);
			defaultConfigurationIsVisible = 0;
			defaultConfigurationName = Release;
		};
		368766B71A8F97200026EE69 /* Build configuration list for PBXNativeTarget "MyFavBandsTests" */ = {
			isa = XCConfigurationList;
			buildConfigurations = (
				368766B81A8F97200026EE69 /* Debug */,
				368766B91A8F97200026EE69 /* Release */,
			);
			defaultConfigurationIsVisible = 0;
			defaultConfigurationName = Release;
		};
/* End XCConfigurationList section */
	};
	rootObject = 3687668B1A8F97200026EE69 /* Project object */;
}
